{
  "name": "string-utils",
  "version": "1.0.0",
  "lockfileVersion": 3,
  "requires": true,
  "packages": {
    "": {
      "name": "string-utils",
      "version": "1.0.0",
      "license": "MIT",
      "dependencies": {
        "simple-math-helper-onixteam": "^1.0.1"
      },
      "devDependencies": {}
    },
    "node_modules/simple-math-helper-onixteam": {
      "version": "1.0.1",
      "resolved": "https://registry.npmjs.org/simple-math-helper-onixteam/-/simple-math-helper-onixteam-1.0.1.tgz",
      "integrity": "sha512-5uTpBSBuGJ6nNwb9bWcOfCJCWTboBbZtlAEr1Fr0zCW4ti6ejLYG/rc7rvbE2DQeh6biRYlZB4fnGBr7Ckx1sA=="
    }
  }
}
